
Microsoft Visual Studio Solution File, Format Version 12.00
# Visual Studio Version 16
VisualStudioVersion = 16.0.30907.101
MinimumVisualStudioVersion = 10.0.40219.1
Project("{8BC9CEB8-8B4A-11D0-8D11-00A0C91BC942}") = "facebook-part1", "facebook-part1\facebook-part1.vcxproj", "{DA264C5D-4D61-4B98-AF4B-294BDC52BA9A}"
EndProject
Global
	GlobalSection(SolutionConfigurationPlatforms) = preSolution
		Debug|x64 = Debug|x64
		Debug|x86 = Debug|x86
		Release|x64 = Release|x64
		Release|x86 = Release|x86
	EndGlobalSection
	GlobalSection(ProjectConfigurationPlatforms) = postSolution
		{DA264C5D-4D61-4B98-AF4B-294BDC52BA9A}.Debug|x64.ActiveCfg = Debug|x64
		{DA264C5D-4D61-4B98-AF4B-294BDC52BA9A}.Debug|x64.Build.0 = Debug|x64
		{DA264C5D-4D61-4B98-AF4B-294BDC52BA9A}.Debug|x86.ActiveCfg = Debug|Win32
		{DA264C5D-4D61-4B98-AF4B-294BDC52BA9A}.Debug|x86.Build.0 = Debug|Win32
		{DA264C5D-4D61-4B98-AF4B-294BDC52BA9A}.Release|x64.ActiveCfg = Release|x64
		{DA264C5D-4D61-4B98-AF4B-294BDC52BA9A}.Release|x64.Build.0 = Release|x64
		{DA264C5D-4D61-4B98-AF4B-294BDC52BA9A}.Release|x86.ActiveCfg = Release|Win32
		{DA264C5D-4D61-4B98-AF4B-294BDC52BA9A}.Release|x86.Build.0 = Release|Win32
	EndGlobalSection
	GlobalSection(SolutionProperties) = preSolution
		HideSolutionNode = FALSE
	EndGlobalSection
	GlobalSection(ExtensibilityGlobals) = postSolution
		SolutionGuid = {CD1DC5DA-72B9-4652-9D20-BC6F9A64BE75}
	EndGlobalSection
EndGlobal
